Microsoft Visual Studio Solution File, Format Version 11.00
# Visual Studio 2008

Project("{48957676-55F3-1838-5B2D-B4CC8D6314E2}") = "Drunk with Darts", "Assembly-CSharp-firstpass-vs.csproj", "{D69C1FE5-ABF5-95B3-4B32-A61A23929E09}"
EndProject
Project("{48957676-55F3-1838-5B2D-B4CC8D6314E2}") = "Drunk with Darts", "Assembly-CSharp-vs.csproj", "{0CBB798B-11FB-A955-5557-3B348242199A}"
EndProject
Project("{48957676-55F3-1838-5B2D-B4CC8D6314E2}") = "Drunk with Darts", "Assembly-CSharp-Editor-vs.csproj", "{6F03C304-7BA8-A6DA-C4F8-29BAB37CD886}"
EndProject
Global
	GlobalSection(SolutionConfigurationPlatforms) = preSolution
		Debug|Any CPU = Debug|Any CPU
		Release|Any CPU = Release|Any CPU
	EndGlobalSection
	GlobalSection(ProjectConfigurationPlatforms) = postSolution
		{D69C1FE5-ABF5-95B3-4B32-A61A23929E09}.Debug|Any CPU.ActiveCfg = Debug|Any CPU
		{D69C1FE5-ABF5-95B3-4B32-A61A23929E09}.Debug|Any CPU.Build.0 = Debug|Any CPU
		{D69C1FE5-ABF5-95B3-4B32-A61A23929E09}.Release|Any CPU.ActiveCfg = Release|Any CPU
		{D69C1FE5-ABF5-95B3-4B32-A61A23929E09}.Release|Any CPU.Build.0 = Release|Any CPU
		{0CBB798B-11FB-A955-5557-3B348242199A}.Debug|Any CPU.ActiveCfg = Debug|Any CPU
		{0CBB798B-11FB-A955-5557-3B348242199A}.Debug|Any CPU.Build.0 = Debug|Any CPU
		{0CBB798B-11FB-A955-5557-3B348242199A}.Release|Any CPU.ActiveCfg = Release|Any CPU
		{0CBB798B-11FB-A955-5557-3B348242199A}.Release|Any CPU.Build.0 = Release|Any CPU
		{6F03C304-7BA8-A6DA-C4F8-29BAB37CD886}.Debug|Any CPU.ActiveCfg = Debug|Any CPU
		{6F03C304-7BA8-A6DA-C4F8-29BAB37CD886}.Debug|Any CPU.Build.0 = Debug|Any CPU
		{6F03C304-7BA8-A6DA-C4F8-29BAB37CD886}.Release|Any CPU.ActiveCfg = Release|Any CPU
		{6F03C304-7BA8-A6DA-C4F8-29BAB37CD886}.Release|Any CPU.Build.0 = Release|Any CPU
	EndGlobalSection
	GlobalSection(SolutionProperties) = preSolution
		HideSolutionNode = FALSE
	EndGlobalSection
																																						GlobalSection(MonoDevelopProperties) = preSolution
		StartupItem = Assembly-CSharp.csproj
		Policies = $0
		$0.TextStylePolicy = $1
		$1.inheritsSet = null
		$1.scope = text/x-csharp
		$0.CSharpFormattingPolicy = $2
		$2.inheritsSet = Mono
		$2.inheritsScope = text/x-csharp
		$2.scope = text/x-csharp
		$0.TextStylePolicy = $3
		$3.FileWidth = 120
		$3.TabWidth = 4
		$3.EolMarker = Unix
		$3.inheritsSet = Mono
		$3.inheritsScope = text/plain
		$3.scope = text/plain
	EndGlobalSection

EndGlobal
